
Microsoft Visual Studio Solution File, Format Version 12.00
# Visual Studio Version 17
VisualStudioVersion = 17.13.35931.197 d17.13
MinimumVisualStudioVersion = 10.0.40219.1
Project("{FAE04EC0-301F-11D3-BF4B-00C04F79EFBC}") = "ctlClockLib", "ctlClockLib.csproj", "{C803E9A5-3CEE-468D-9AD0-0B87C9999550}"
EndProject
Project("{FAE04EC0-301F-11D3-BF4B-00C04F79EFBC}") = "Test", "..\Test\Test.csproj", "{EEEF1C55-3429-4C4E-BED0-438FCC922ACA}"
EndProject
Global
	GlobalSection(SolutionConfigurationPlatforms) = preSolution
		Debug|Any CPU = Debug|Any CPU
		Release|Any CPU = Release|Any CPU
	EndGlobalSection
	GlobalSection(ProjectConfigurationPlatforms) = postSolution
		{C803E9A5-3CEE-468D-9AD0-0B87C9999550}.Debug|Any CPU.ActiveCfg = Debug|Any CPU
		{C803E9A5-3CEE-468D-9AD0-0B87C9999550}.Debug|Any CPU.Build.0 = Debug|Any CPU
		{C803E9A5-3CEE-468D-9AD0-0B87C9999550}.Release|Any CPU.ActiveCfg = Release|Any CPU
		{C803E9A5-3CEE-468D-9AD0-0B87C9999550}.Release|Any CPU.Build.0 = Release|Any CPU
		{EEEF1C55-3429-4C4E-BED0-438FCC922ACA}.Debug|Any CPU.ActiveCfg = Debug|Any CPU
		{EEEF1C55-3429-4C4E-BED0-438FCC922ACA}.Debug|Any CPU.Build.0 = Debug|Any CPU
		{EEEF1C55-3429-4C4E-BED0-438FCC922ACA}.Release|Any CPU.ActiveCfg = Release|Any CPU
		{EEEF1C55-3429-4C4E-BED0-438FCC922ACA}.Release|Any CPU.Build.0 = Release|Any CPU
	EndGlobalSection
	GlobalSection(SolutionProperties) = preSolution
		HideSolutionNode = FALSE
	EndGlobalSection
	GlobalSection(ExtensibilityGlobals) = postSolution
		SolutionGuid = {2229F423-D1E5-449E-B0B1-EDE2AB33A6CF}
	EndGlobalSection
EndGlobal
