
Microsoft Visual Studio Solution File, Format Version 12.00
# Visual Studio Version 17
VisualStudioVersion = 17.12.35707.178
MinimumVisualStudioVersion = 10.0.40219.1
Project("{FAE04EC0-301F-11D3-BF4B-00C04F79EFBC}") = "SubProcesosWinForm", "SubprocesosWinforms\SubProcesosWinForm.csproj", "{8471D0ED-8EEE-46F3-885D-FD811B9B2967}"
EndProject
Global
	GlobalSection(SolutionConfigurationPlatforms) = preSolution
		Debug|Any CPU = Debug|Any CPU
		Release|Any CPU = Release|Any CPU
	EndGlobalSection
	GlobalSection(ProjectConfigurationPlatforms) = postSolution
		{8471D0ED-8EEE-46F3-885D-FD811B9B2967}.Debug|Any CPU.ActiveCfg = Debug|Any CPU
		{8471D0ED-8EEE-46F3-885D-FD811B9B2967}.Debug|Any CPU.Build.0 = Debug|Any CPU
		{8471D0ED-8EEE-46F3-885D-FD811B9B2967}.Release|Any CPU.ActiveCfg = Release|Any CPU
		{8471D0ED-8EEE-46F3-885D-FD811B9B2967}.Release|Any CPU.Build.0 = Release|Any CPU
	EndGlobalSection
	GlobalSection(SolutionProperties) = preSolution
		HideSolutionNode = FALSE
	EndGlobalSection
	GlobalSection(ExtensibilityGlobals) = postSolution
		SolutionGuid = {121070A4-5778-4895-8FEE-49C4BC50F608}
	EndGlobalSection
EndGlobal
